// !$*UTF8*$!
{
	archiveVersion = 1;
	classes = {
	};
	objectVersion = 48;
	objects = {

/* Begin PBXBuildFile section */
		416D83F0A5F9AC86335E5692 /* Pods_SingaporePSI.framework in Frameworks */ = {isa = PBXBuildFile; fileRef = 837ED393F57142864E60315C /* Pods_SingaporePSI.framework */; };
		A83FB0941FAB47A4004818E4 /* UIApplication+TopViewController.swift in Sources */ = {isa = PBXBuildFile; fileRef = A83FB0931FAB47A4004818E4 /* UIApplication+TopViewController.swift */; };
		A83FB0961FAB54BE004818E4 /* String+DateFormatter.swift in Sources */ = {isa = PBXBuildFile; fileRef = A83FB0951FAB54BE004818E4 /* String+DateFormatter.swift */; };
		A83FB0991FABE829004818E4 /* String+DateFormatterSpec.swift in Sources */ = {isa = PBXBuildFile; fileRef = A83FB0981FABE829004818E4 /* String+DateFormatterSpec.swift */; };
		A85972A81F96F3CD009BEB95 /* DashboardViewController.swift in Sources */ = {isa = PBXBuildFile; fileRef = A85972A71F96F3CD009BEB95 /* DashboardViewController.swift */; };
		A85DCA0D1FA9A900008E9E03 /* CustomAnnotationView.swift in Sources */ = {isa = PBXBuildFile; fileRef = A85DCA0C1FA9A900008E9E03 /* CustomAnnotationView.swift */; };
		A86E0A821FA819F5000D2CA2 /* DashboardViewControllerSpec.swift in Sources */ = {isa = PBXBuildFile; fileRef = A86E0A811FA819F5000D2CA2 /* DashboardViewControllerSpec.swift */; };
		A86E0A841FA81CEE000D2CA2 /* Location.swift in Sources */ = {isa = PBXBuildFile; fileRef = A86E0A831FA81CEE000D2CA2 /* Location.swift */; };
		A86E0A861FA81D28000D2CA2 /* RegionMetadata.swift in Sources */ = {isa = PBXBuildFile; fileRef = A86E0A851FA81D28000D2CA2 /* RegionMetadata.swift */; };
		A86E0A881FA823C9000D2CA2 /* ApiManagerSpec.swift in Sources */ = {isa = PBXBuildFile; fileRef = A86E0A871FA823C9000D2CA2 /* ApiManagerSpec.swift */; };
		A86E0A8D1FA82FC1000D2CA2 /* Reading.swift in Sources */ = {isa = PBXBuildFile; fileRef = A86E0A8C1FA82FC1000D2CA2 /* Reading.swift */; };
		A86E0A8F1FA830A5000D2CA2 /* Content.swift in Sources */ = {isa = PBXBuildFile; fileRef = A86E0A8E1FA830A5000D2CA2 /* Content.swift */; };
		A86E0A921FA8541D000D2CA2 /* XCTest+FileManagement.swift in Sources */ = {isa = PBXBuildFile; fileRef = A86E0A911FA8541D000D2CA2 /* XCTest+FileManagement.swift */; };
		A86E0A971FA86760000D2CA2 /* PSI Internal Server Error.json in Resources */ = {isa = PBXBuildFile; fileRef = A86E0A961FA86760000D2CA2 /* PSI Internal Server Error.json */; };
		A86E0A991FA86886000D2CA2 /* ApiManager.swift in Sources */ = {isa = PBXBuildFile; fileRef = A86E0A981FA86886000D2CA2 /* ApiManager.swift */; };
		A86E0A9B1FA86894000D2CA2 /* ErrorHandler.swift in Sources */ = {isa = PBXBuildFile; fileRef = A86E0A9A1FA86894000D2CA2 /* ErrorHandler.swift */; };
		A86E0A9E1FA887E7000D2CA2 /* PSI Bad Request.json in Resources */ = {isa = PBXBuildFile; fileRef = A86E0A9D1FA887E7000D2CA2 /* PSI Bad Request.json */; };
		A86E0AA11FA88A1E000D2CA2 /* ApiManager+FetchPSIData.swift in Sources */ = {isa = PBXBuildFile; fileRef = A86E0AA01FA88A1E000D2CA2 /* ApiManager+FetchPSIData.swift */; };
		A86E0AA31FA88A31000D2CA2 /* BaseRouter.swift in Sources */ = {isa = PBXBuildFile; fileRef = A86E0AA21FA88A31000D2CA2 /* BaseRouter.swift */; };
		A86E0AA71FA8AD78000D2CA2 /* PSIRouter.swift in Sources */ = {isa = PBXBuildFile; fileRef = A86E0AA61FA8AD78000D2CA2 /* PSIRouter.swift */; };
		A86E0AAA1FA8B5F0000D2CA2 /* InputForm.swift in Sources */ = {isa = PBXBuildFile; fileRef = A86E0AA91FA8B5F0000D2CA2 /* InputForm.swift */; };
		A86E0AAD1FA8B64E000D2CA2 /* Utility.swift in Sources */ = {isa = PBXBuildFile; fileRef = A86E0AAC1FA8B64E000D2CA2 /* Utility.swift */; };
		A86E0AB01FA8D139000D2CA2 /* InputFormSpec.swift in Sources */ = {isa = PBXBuildFile; fileRef = A86E0AAF1FA8D139000D2CA2 /* InputFormSpec.swift */; };
		A86E0AB21FA8DB6B000D2CA2 /* UtilitySpec.swift in Sources */ = {isa = PBXBuildFile; fileRef = A86E0AB11FA8DB6B000D2CA2 /* UtilitySpec.swift */; };
		A8856BE91F96BA130080D9B7 /* AppDelegate.swift in Sources */ = {isa = PBXBuildFile; fileRef = A8856BE81F96BA130080D9B7 /* AppDelegate.swift */; };
		A8856BEE1F96BA130080D9B7 /* Main.storyboard in Resources */ = {isa = PBXBuildFile; fileRef = A8856BEC1F96BA130080D9B7 /* Main.storyboard */; };
		A8856BF01F96BA130080D9B7 /* Assets.xcassets in Resources */ = {isa = PBXBuildFile; fileRef = A8856BEF1F96BA130080D9B7 /* Assets.xcassets */; };
		A8856BF31F96BA130080D9B7 /* LaunchScreen.storyboard in Resources */ = {isa = PBXBuildFile; fileRef = A8856BF11F96BA130080D9B7 /* LaunchScreen.storyboard */; };
		A8BD4B6A1FA7564F0004B318 /* PSIData.swift in Sources */ = {isa = PBXBuildFile; fileRef = A8BD4B691FA7564F0004B318 /* PSIData.swift */; };
		A8BD4B6C1FA759550004B318 /* AppConstant.swift in Sources */ = {isa = PBXBuildFile; fileRef = A8BD4B6B1FA759550004B318 /* AppConstant.swift */; };
		A8BD4B6F1FA778000004B318 /* Item.swift in Sources */ = {isa = PBXBuildFile; fileRef = A8BD4B6E1FA778000004B318 /* Item.swift */; };
		A8BD4B711FA784C50004B318 /* PSI.json in Resources */ = {isa = PBXBuildFile; fileRef = A8BD4B701FA784C50004B318 /* PSI.json */; };
		A8DA2F631FAACE8D005E500D /* Fault.swift in Sources */ = {isa = PBXBuildFile; fileRef = A8DA2F621FAACE8D005E500D /* Fault.swift */; };
		B0508EEAE833D6D086BBDF34 /* Pods_SingaporePSITests.framework in Frameworks */ = {isa = PBXBuildFile; fileRef = 24803190FB0B17996E5079EE /* Pods_SingaporePSITests.framework */; };
/* End PBXBuildFile section */

/* Begin PBXContainerItemProxy section */
		A8856BFA1F96BA130080D9B7 /* PBXContainerItemProxy */ = {
			isa = PBXContainerItemProxy;
			containerPortal = A8856BDD1F96BA130080D9B7 /* Project object */;
			proxyType = 1;
			remoteGlobalIDString = A8856BE41F96BA130080D9B7;
			remoteInfo = SingaporePSI;
		};
/* End PBXContainerItemProxy section */

/* Begin PBXFileReference section */
		007315FEB65F9E8A5EF03569 /* Pods-SingaporePSITests.release.xcconfig */ = {isa = PBXFileReference; includeInIndex = 1; lastKnownFileType = text.xcconfig; name = "Pods-SingaporePSITests.release.xcconfig"; path = "Pods/Target Support Files/Pods-SingaporePSITests/Pods-SingaporePSITests.release.xcconfig"; sourceTree = "<group>"; };
		157C313423492BCA63C258A7 /* Pods-SingaporePSI.release.xcconfig */ = {isa = PBXFileReference; includeInIndex = 1; lastKnownFileType = text.xcconfig; name = "Pods-SingaporePSI.release.xcconfig"; path = "Pods/Target Support Files/Pods-SingaporePSI/Pods-SingaporePSI.release.xcconfig"; sourceTree = "<group>"; };
		24803190FB0B17996E5079EE /* Pods_SingaporePSITests.framework */ = {isa = PBXFileReference; explicitFileType = wrapper.framework; includeInIndex = 0; path = Pods_SingaporePSITests.framework; sourceTree = BUILT_PRODUCTS_DIR; };
		837ED393F57142864E60315C /* Pods_SingaporePSI.framework */ = {isa = PBXFileReference; explicitFileType = wrapper.framework; includeInIndex = 0; path = Pods_SingaporePSI.framework; sourceTree = BUILT_PRODUCTS_DIR; };
		867BF49E476F0EC0BCE9F899 /* Pods-SingaporePSITests.debug.xcconfig */ = {isa = PBXFileReference; includeInIndex = 1; lastKnownFileType = text.xcconfig; name = "Pods-SingaporePSITests.debug.xcconfig"; path = "Pods/Target Support Files/Pods-SingaporePSITests/Pods-SingaporePSITests.debug.xcconfig"; sourceTree = "<group>"; };
		A83FB0931FAB47A4004818E4 /* UIApplication+TopViewController.swift */ = {isa = PBXFileReference; fileEncoding = 4; lastKnownFileType = sourcecode.swift; path = "UIApplication+TopViewController.swift"; sourceTree = "<group>"; };
		A83FB0951FAB54BE004818E4 /* String+DateFormatter.swift */ = {isa = PBXFileReference; fileEncoding = 4; lastKnownFileType = sourcecode.swift; path = "String+DateFormatter.swift"; sourceTree = "<group>"; };
		A83FB0981FABE829004818E4 /* String+DateFormatterSpec.swift */ = {isa = PBXFileReference; fileEncoding = 4; lastKnownFileType = sourcecode.swift; path = "String+DateFormatterSpec.swift"; sourceTree = "<group>"; };
		A85972A71F96F3CD009BEB95 /* DashboardViewController.swift */ = {isa = PBXFileReference; lastKnownFileType = sourcecode.swift; path = DashboardViewController.swift; sourceTree = "<group>"; };
		A85DCA0C1FA9A900008E9E03 /* CustomAnnotationView.swift */ = {isa = PBXFileReference; fileEncoding = 4; lastKnownFileType = sourcecode.swift; path = CustomAnnotationView.swift; sourceTree = "<group>"; };
		A86BC42C1FA8083D00701EE8 /* Nimble.framework */ = {isa = PBXFileReference; explicitFileType = wrapper.framework; path = Nimble.framework; sourceTree = BUILT_PRODUCTS_DIR; };
		A86BC42D1FA8083D00701EE8 /* Quick.framework */ = {isa = PBXFileReference; explicitFileType = wrapper.framework; path = Quick.framework; sourceTree = BUILT_PRODUCTS_DIR; };
		A86C49ED1FA8025D004DA9CD /* Quick.framework */ = {isa = PBXFileReference; explicitFileType = wrapper.framework; path = Quick.framework; sourceTree = BUILT_PRODUCTS_DIR; };
		A86C49EF1FA80262004DA9CD /* Nimble.framework */ = {isa = PBXFileReference; explicitFileType = wrapper.framework; path = Nimble.framework; sourceTree = BUILT_PRODUCTS_DIR; };
		A86E0A811FA819F5000D2CA2 /* DashboardViewControllerSpec.swift */ = {isa = PBXFileReference; fileEncoding = 4; lastKnownFileType = sourcecode.swift; path = DashboardViewControllerSpec.swift; sourceTree = "<group>"; };
		A86E0A831FA81CEE000D2CA2 /* Location.swift */ = {isa = PBXFileReference; fileEncoding = 4; lastKnownFileType = sourcecode.swift; path = Location.swift; sourceTree = "<group>"; };
		A86E0A851FA81D28000D2CA2 /* RegionMetadata.swift */ = {isa = PBXFileReference; fileEncoding = 4; lastKnownFileType = sourcecode.swift; path = RegionMetadata.swift; sourceTree = "<group>"; };
		A86E0A871FA823C9000D2CA2 /* ApiManagerSpec.swift */ = {isa = PBXFileReference; fileEncoding = 4; lastKnownFileType = sourcecode.swift; path = ApiManagerSpec.swift; sourceTree = "<group>"; };
		A86E0A8C1FA82FC1000D2CA2 /* Reading.swift */ = {isa = PBXFileReference; fileEncoding = 4; lastKnownFileType = sourcecode.swift; path = Reading.swift; sourceTree = "<group>"; };
		A86E0A8E1FA830A5000D2CA2 /* Content.swift */ = {isa = PBXFileReference; fileEncoding = 4; lastKnownFileType = sourcecode.swift; path = Content.swift; sourceTree = "<group>"; };
		A86E0A911FA8541D000D2CA2 /* XCTest+FileManagement.swift */ = {isa = PBXFileReference; fileEncoding = 4; lastKnownFileType = sourcecode.swift; path = "XCTest+FileManagement.swift"; sourceTree = "<group>"; };
		A86E0A961FA86760000D2CA2 /* PSI Internal Server Error.json */ = {isa = PBXFileReference; fileEncoding = 4; lastKnownFileType = text.json; path = "PSI Internal Server Error.json"; sourceTree = "<group>"; };
		A86E0A981FA86886000D2CA2 /* ApiManager.swift */ = {isa = PBXFileReference; fileEncoding = 4; lastKnownFileType = sourcecode.swift; path = ApiManager.swift; sourceTree = "<group>"; };
		A86E0A9A1FA86894000D2CA2 /* ErrorHandler.swift */ = {isa = PBXFileReference; fileEncoding = 4; lastKnownFileType = sourcecode.swift; path = ErrorHandler.swift; sourceTree = "<group>"; };
		A86E0A9D1FA887E7000D2CA2 /* PSI Bad Request.json */ = {isa = PBXFileReference; fileEncoding = 4; lastKnownFileType = text.json; path = "PSI Bad Request.json"; sourceTree = "<group>"; };
		A86E0AA01FA88A1E000D2CA2 /* ApiManager+FetchPSIData.swift */ = {isa = PBXFileReference; fileEncoding = 4; lastKnownFileType = sourcecode.swift; path = "ApiManager+FetchPSIData.swift"; sourceTree = "<group>"; };
		A86E0AA21FA88A31000D2CA2 /* BaseRouter.swift */ = {isa = PBXFileReference; fileEncoding = 4; lastKnownFileType = sourcecode.swift; path = BaseRouter.swift; sourceTree = "<group>"; };
		A86E0AA61FA8AD78000D2CA2 /* PSIRouter.swift */ = {isa = PBXFileReference; fileEncoding = 4; lastKnownFileType = sourcecode.swift; path = PSIRouter.swift; sourceTree = "<group>"; };
		A86E0AA91FA8B5F0000D2CA2 /* InputForm.swift */ = {isa = PBXFileReference; fileEncoding = 4; lastKnownFileType = sourcecode.swift; path = InputForm.swift; sourceTree = "<group>"; };
		A86E0AAC1FA8B64E000D2CA2 /* Utility.swift */ = {isa = PBXFileReference; fileEncoding = 4; lastKnownFileType = sourcecode.swift; path = Utility.swift; sourceTree = "<group>"; };
		A86E0AAF1FA8D139000D2CA2 /* InputFormSpec.swift */ = {isa = PBXFileReference; fileEncoding = 4; lastKnownFileType = sourcecode.swift; path = InputFormSpec.swift; sourceTree = "<group>"; };
		A86E0AB11FA8DB6B000D2CA2 /* UtilitySpec.swift */ = {isa = PBXFileReference; fileEncoding = 4; lastKnownFileType = sourcecode.swift; path = UtilitySpec.swift; sourceTree = "<group>"; };
		A8856BE51F96BA130080D9B7 /* SingaporePSI.app */ = {isa = PBXFileReference; explicitFileType = wrapper.application; includeInIndex = 0; path = SingaporePSI.app; sourceTree = BUILT_PRODUCTS_DIR; };
		A8856BE81F96BA130080D9B7 /* AppDelegate.swift */ = {isa = PBXFileReference; lastKnownFileType = sourcecode.swift; path = AppDelegate.swift; sourceTree = "<group>"; };
		A8856BED1F96BA130080D9B7 /* Base */ = {isa = PBXFileReference; lastKnownFileType = file.storyboard; name = Base; path = Base.lproj/Main.storyboard; sourceTree = "<group>"; };
		A8856BEF1F96BA130080D9B7 /* Assets.xcassets */ = {isa = PBXFileReference; lastKnownFileType = folder.assetcatalog; path = Assets.xcassets; sourceTree = "<group>"; };
		A8856BF21F96BA130080D9B7 /* Base */ = {isa = PBXFileReference; lastKnownFileType = file.storyboard; name = Base; path = Base.lproj/LaunchScreen.storyboard; sourceTree = "<group>"; };
		A8856BF41F96BA130080D9B7 /* Info.plist */ = {isa = PBXFileReference; lastKnownFileType = text.plist.xml; path = Info.plist; sourceTree = "<group>"; };
		A8856BF91F96BA130080D9B7 /* SingaporePSITests.xctest */ = {isa = PBXFileReference; explicitFileType = wrapper.cfbundle; includeInIndex = 0; path = SingaporePSITests.xctest; sourceTree = BUILT_PRODUCTS_DIR; };
		A8856BFF1F96BA130080D9B7 /* Info.plist */ = {isa = PBXFileReference; lastKnownFileType = text.plist.xml; path = Info.plist; sourceTree = "<group>"; };
		A8BD4B691FA7564F0004B318 /* PSIData.swift */ = {isa = PBXFileReference; lastKnownFileType = sourcecode.swift; path = PSIData.swift; sourceTree = "<group>"; };
		A8BD4B6B1FA759550004B318 /* AppConstant.swift */ = {isa = PBXFileReference; lastKnownFileType = sourcecode.swift; path = AppConstant.swift; sourceTree = "<group>"; };
		A8BD4B6E1FA778000004B318 /* Item.swift */ = {isa = PBXFileReference; lastKnownFileType = sourcecode.swift; path = Item.swift; sourceTree = "<group>"; };
		A8BD4B701FA784C50004B318 /* PSI.json */ = {isa = PBXFileReference; lastKnownFileType = text.json; path = PSI.json; sourceTree = "<group>"; };
		A8DA2F621FAACE8D005E500D /* Fault.swift */ = {isa = PBXFileReference; lastKnownFileType = sourcecode.swift; path = Fault.swift; sourceTree = "<group>"; };
		AF74EE0DBBCF5ADE7E05D233 /* Pods-SingaporePSI.debug.xcconfig */ = {isa = PBXFileReference; includeInIndex = 1; lastKnownFileType = text.xcconfig; name = "Pods-SingaporePSI.debug.xcconfig"; path = "Pods/Target Support Files/Pods-SingaporePSI/Pods-SingaporePSI.debug.xcconfig"; sourceTree = "<group>"; };
/* End PBXFileReference section */

/* Begin PBXFrameworksBuildPhase section */
		A8856BE21F96BA130080D9B7 /* Frameworks */ = {
			isa = PBXFrameworksBuildPhase;
			buildActionMask = 2147483647;
			files = (
				416D83F0A5F9AC86335E5692 /* Pods_SingaporePSI.framework in Frameworks */,
			);
			runOnlyForDeploymentPostprocessing = 0;
		};
		A8856BF61F96BA130080D9B7 /* Frameworks */ = {
			isa = PBXFrameworksBuildPhase;
			buildActionMask = 2147483647;
			files = (
				B0508EEAE833D6D086BBDF34 /* Pods_SingaporePSITests.framework in Frameworks */,
			);
			runOnlyForDeploymentPostprocessing = 0;
		};
/* End PBXFrameworksBuildPhase section */

/* Begin PBXGroup section */
		001103BD93D01994D3566365 /* Frameworks */ = {
			isa = PBXGroup;
			children = (
				A86BC42C1FA8083D00701EE8 /* Nimble.framework */,
				A86BC42D1FA8083D00701EE8 /* Quick.framework */,
				A86C49EF1FA80262004DA9CD /* Nimble.framework */,
				A86C49ED1FA8025D004DA9CD /* Quick.framework */,
				837ED393F57142864E60315C /* Pods_SingaporePSI.framework */,
				24803190FB0B17996E5079EE /* Pods_SingaporePSITests.framework */,
			);
			name = Frameworks;
			sourceTree = "<group>";
		};
		A83B12A21FA6ABDA005009AA /* CustomComponent */ = {
			isa = PBXGroup;
			children = (
				A85DCA0C1FA9A900008E9E03 /* CustomAnnotationView.swift */,
			);
			path = CustomComponent;
			sourceTree = "<group>";
		};
		A83FB0971FAB8D72004818E4 /* View */ = {
			isa = PBXGroup;
			children = (
				A8856BEC1F96BA130080D9B7 /* Main.storyboard */,
				A8856BF11F96BA130080D9B7 /* LaunchScreen.storyboard */,
			);
			name = View;
			sourceTree = "<group>";
		};
		A85972A31F96F33F009BEB95 /* Models */ = {
			isa = PBXGroup;
			children = (
				A86E0AAB1FA8B640000D2CA2 /* Utility */,
				A86E0AA81FA8B5C9000D2CA2 /* InputForm */,
				A86E0AA51FA88ABB000D2CA2 /* Constant */,
				A86E0AA41FA88AAF000D2CA2 /* RestAPI */,
			);
			path = Models;
			sourceTree = "<group>";
		};
		A85972A51F96F34F009BEB95 /* Controller */ = {
			isa = PBXGroup;
			children = (
				A85972A71F96F3CD009BEB95 /* DashboardViewController.swift */,
				A83B12A21FA6ABDA005009AA /* CustomComponent */,
			);
			name = Controller;
			path = Scenes;
			sourceTree = "<group>";
		};
		A85972A61F96F36E009BEB95 /* Services */ = {
			isa = PBXGroup;
			children = (
				A86E0A9F1FA8895E000D2CA2 /* Network */,
				A86E0A9C1FA88772000D2CA2 /* ErrorHandler */,
			);
			path = Services;
			sourceTree = "<group>";
		};
		A85972A91F96F3E1009BEB95 /* Services */ = {
			isa = PBXGroup;
			children = (
				A86E0A871FA823C9000D2CA2 /* ApiManagerSpec.swift */,
			);
			path = Services;
			sourceTree = "<group>";
		};
		A85972AB1F96F3F7009BEB95 /* Scenes */ = {
			isa = PBXGroup;
			children = (
				A86E0A811FA819F5000D2CA2 /* DashboardViewControllerSpec.swift */,
			);
			path = Scenes;
			sourceTree = "<group>";
		};
		A86E0A931FA85943000D2CA2 /* Extension */ = {
			isa = PBXGroup;
			children = (
				A86E0A911FA8541D000D2CA2 /* XCTest+FileManagement.swift */,
			);
			name = Extension;
			path = ..;
			sourceTree = "<group>";
		};
		A86E0A9C1FA88772000D2CA2 /* ErrorHandler */ = {
			isa = PBXGroup;
			children = (
				A86E0A9A1FA86894000D2CA2 /* ErrorHandler.swift */,
			);
			name = ErrorHandler;
			sourceTree = "<group>";
		};
		A86E0A9F1FA8895E000D2CA2 /* Network */ = {
			isa = PBXGroup;
			children = (
				A86E0A981FA86886000D2CA2 /* ApiManager.swift */,
				A86E0AA01FA88A1E000D2CA2 /* ApiManager+FetchPSIData.swift */,
				A86E0AA21FA88A31000D2CA2 /* BaseRouter.swift */,
				A86E0AA61FA8AD78000D2CA2 /* PSIRouter.swift */,
			);
			name = Network;
			sourceTree = "<group>";
		};
		A86E0AA41FA88AAF000D2CA2 /* RestAPI */ = {
			isa = PBXGroup;
			children = (
				A8BD4B691FA7564F0004B318 /* PSIData.swift */,
				A8BD4B6E1FA778000004B318 /* Item.swift */,
				A86E0A831FA81CEE000D2CA2 /* Location.swift */,
				A86E0A851FA81D28000D2CA2 /* RegionMetadata.swift */,
				A86E0A8C1FA82FC1000D2CA2 /* Reading.swift */,
				A86E0A8E1FA830A5000D2CA2 /* Content.swift */,
				A8DA2F621FAACE8D005E500D /* Fault.swift */,
			);
			name = RestAPI;
			sourceTree = "<group>";
		};
		A86E0AA51FA88ABB000D2CA2 /* Constant */ = {
			isa = PBXGroup;
			children = (
				A8BD4B6B1FA759550004B318 /* AppConstant.swift */,
			);
			name = Constant;
			sourceTree = "<group>";
		};
		A86E0AA81FA8B5C9000D2CA2 /* InputForm */ = {
			isa = PBXGroup;
			children = (
				A86E0AA91FA8B5F0000D2CA2 /* InputForm.swift */,
			);
			name = InputForm;
			sourceTree = "<group>";
		};
		A86E0AAB1FA8B640000D2CA2 /* Utility */ = {
			isa = PBXGroup;
			children = (
				A83FB0931FAB47A4004818E4 /* UIApplication+TopViewController.swift */,
				A86E0AAC1FA8B64E000D2CA2 /* Utility.swift */,
				A83FB0951FAB54BE004818E4 /* String+DateFormatter.swift */,
			);
			name = Utility;
			sourceTree = "<group>";
		};
		A86E0AAE1FA8D0F8000D2CA2 /* Models */ = {
			isa = PBXGroup;
			children = (
				A86E0AAF1FA8D139000D2CA2 /* InputFormSpec.swift */,
				A86E0AB11FA8DB6B000D2CA2 /* UtilitySpec.swift */,
				A83FB0981FABE829004818E4 /* String+DateFormatterSpec.swift */,
			);
			path = Models;
			sourceTree = "<group>";
		};
		A8856BDC1F96BA130080D9B7 = {
			isa = PBXGroup;
			children = (
				A8856BE71F96BA130080D9B7 /* SingaporePSI */,
				A8856BFC1F96BA130080D9B7 /* SingaporePSITests */,
				A8856BE61F96BA130080D9B7 /* Products */,
				001103BD93D01994D3566365 /* Frameworks */,
				E37F4576B2FD140712F3CC6A /* Pods */,
			);
			sourceTree = "<group>";
		};
		A8856BE61F96BA130080D9B7 /* Products */ = {
			isa = PBXGroup;
			children = (
				A8856BE51F96BA130080D9B7 /* SingaporePSI.app */,
				A8856BF91F96BA130080D9B7 /* SingaporePSITests.xctest */,
			);
			name = Products;
			sourceTree = "<group>";
		};
		A8856BE71F96BA130080D9B7 /* SingaporePSI */ = {
			isa = PBXGroup;
			children = (
				A85972A61F96F36E009BEB95 /* Services */,
				A85972A51F96F34F009BEB95 /* Controller */,
				A85972A31F96F33F009BEB95 /* Models */,
				A83FB0971FAB8D72004818E4 /* View */,
				A8856BE81F96BA130080D9B7 /* AppDelegate.swift */,
				A8856BEF1F96BA130080D9B7 /* Assets.xcassets */,
				A8856BF41F96BA130080D9B7 /* Info.plist */,
			);
			path = SingaporePSI;
			sourceTree = "<group>";
		};
		A8856BFC1F96BA130080D9B7 /* SingaporePSITests */ = {
			isa = PBXGroup;
			children = (
				A86E0AAE1FA8D0F8000D2CA2 /* Models */,
				A8BD4B6D1FA777E40004B318 /* MockData */,
				A85972AB1F96F3F7009BEB95 /* Scenes */,
				A85972A91F96F3E1009BEB95 /* Services */,
				A8856BFF1F96BA130080D9B7 /* Info.plist */,
			);
			path = SingaporePSITests;
			sourceTree = "<group>";
		};
		A8BD4B6D1FA777E40004B318 /* MockData */ = {
			isa = PBXGroup;
			children = (
				A86E0A931FA85943000D2CA2 /* Extension */,
				A86E0A961FA86760000D2CA2 /* PSI Internal Server Error.json */,
				A8BD4B701FA784C50004B318 /* PSI.json */,
				A86E0A9D1FA887E7000D2CA2 /* PSI Bad Request.json */,
			);
			path = MockData;
			sourceTree = "<group>";
		};
		E37F4576B2FD140712F3CC6A /* Pods */ = {
			isa = PBXGroup;
			children = (
				AF74EE0DBBCF5ADE7E05D233 /* Pods-SingaporePSI.debug.xcconfig */,
				157C313423492BCA63C258A7 /* Pods-SingaporePSI.release.xcconfig */,
				867BF49E476F0EC0BCE9F899 /* Pods-SingaporePSITests.debug.xcconfig */,
				007315FEB65F9E8A5EF03569 /* Pods-SingaporePSITests.release.xcconfig */,
			);
			name = Pods;
			sourceTree = "<group>";
		};
/* End PBXGroup section */

/* Begin PBXNativeTarget section */
		A8856BE41F96BA130080D9B7 /* SingaporePSI */ = {
			isa = PBXNativeTarget;
			buildConfigurationList = A8856C021F96BA130080D9B7 /* Build configuration list for PBXNativeTarget "SingaporePSI" */;
			buildPhases = (
				5CF0C417A500045B4BD43812 /* [CP] Check Pods Manifest.lock */,
				A8856BE11F96BA130080D9B7 /* Sources */,
				A8856BE21F96BA130080D9B7 /* Frameworks */,
				A8856BE31F96BA130080D9B7 /* Resources */,
				04DE6C2BF69DC3D744119FB6 /* [CP] Embed Pods Frameworks */,
				47D449602305221C394787F4 /* [CP] Copy Pods Resources */,
			);
			buildRules = (
			);
			dependencies = (
			);
			name = SingaporePSI;
			productName = SingaporePSI;
			productReference = A8856BE51F96BA130080D9B7 /* SingaporePSI.app */;
			productType = "com.apple.product-type.application";
		};
		A8856BF81F96BA130080D9B7 /* SingaporePSITests */ = {
			isa = PBXNativeTarget;
			buildConfigurationList = A8856C051F96BA130080D9B7 /* Build configuration list for PBXNativeTarget "SingaporePSITests" */;
			buildPhases = (
				32A9377DB37663728CABEDB3 /* [CP] Check Pods Manifest.lock */,
				A8856BF51F96BA130080D9B7 /* Sources */,
				A8856BF61F96BA130080D9B7 /* Frameworks */,
				A8856BF71F96BA130080D9B7 /* Resources */,
				3F2AAE82575637F92D33A7AC /* [CP] Embed Pods Frameworks */,
				073A061B578D6B28760D0C9B /* [CP] Copy Pods Resources */,
			);
			buildRules = (
			);
			dependencies = (
				A8856BFB1F96BA130080D9B7 /* PBXTargetDependency */,
			);
			name = SingaporePSITests;
			productName = SingaporePSITests;
			productReference = A8856BF91F96BA130080D9B7 /* SingaporePSITests.xctest */;
			productType = "com.apple.product-type.bundle.unit-test";
		};
/* End PBXNativeTarget section */

/* Begin PBXProject section */
		A8856BDD1F96BA130080D9B7 /* Project object */ = {
			isa = PBXProject;
			attributes = {
				LastSwiftUpdateCheck = 0900;
				LastUpgradeCheck = 0900;
				ORGANIZATIONNAME = Wirawan;
				TargetAttributes = {
					A8856BE41F96BA130080D9B7 = {
						CreatedOnToolsVersion = 9.0;
						ProvisioningStyle = Automatic;
					};
					A8856BF81F96BA130080D9B7 = {
						CreatedOnToolsVersion = 9.0;
						ProvisioningStyle = Automatic;
						TestTargetID = A8856BE41F96BA130080D9B7;
					};
				};
			};
			buildConfigurationList = A8856BE01F96BA130080D9B7 /* Build configuration list for PBXProject "SingaporePSI" */;
			compatibilityVersion = "Xcode 8.0";
			developmentRegion = en;
			hasScannedForEncodings = 0;
			knownRegions = (
				en,
				Base,
			);
			mainGroup = A8856BDC1F96BA130080D9B7;
			productRefGroup = A8856BE61F96BA130080D9B7 /* Products */;
			projectDirPath = "";
			projectRoot = "";
			targets = (
				A8856BE41F96BA130080D9B7 /* SingaporePSI */,
				A8856BF81F96BA130080D9B7 /* SingaporePSITests */,
			);
		};
/* End PBXProject section */

/* Begin PBXResourcesBuildPhase section */
		A8856BE31F96BA130080D9B7 /* Resources */ = {
			isa = PBXResourcesBuildPhase;
			buildActionMask = 2147483647;
			files = (
				A8856BF31F96BA130080D9B7 /* LaunchScreen.storyboard in Resources */,
				A8856BF01F96BA130080D9B7 /* Assets.xcassets in Resources */,
				A8856BEE1F96BA130080D9B7 /* Main.storyboard in Resources */,
			);
			runOnlyForDeploymentPostprocessing = 0;
		};
		A8856BF71F96BA130080D9B7 /* Resources */ = {
			isa = PBXResourcesBuildPhase;
			buildActionMask = 2147483647;
			files = (
				A86E0A9E1FA887E7000D2CA2 /* PSI Bad Request.json in Resources */,
				A86E0A971FA86760000D2CA2 /* PSI Internal Server Error.json in Resources */,
				A8BD4B711FA784C50004B318 /* PSI.json in Resources */,
			);
			runOnlyForDeploymentPostprocessing = 0;
		};
/* End PBXResourcesBuildPhase section */

/* Begin PBXShellScriptBuildPhase section */
		04DE6C2BF69DC3D744119FB6 /* [CP] Embed Pods Frameworks */ = {
			isa = PBXShellScriptBuildPhase;
			buildActionMask = 2147483647;
			files = (
			);
			inputPaths = (
				"${SRCROOT}/Pods/Target Support Files/Pods-SingaporePSI/Pods-SingaporePSI-frameworks.sh",
				"${BUILT_PRODUCTS_DIR}/Alamofire/Alamofire.framework",
				"${BUILT_PRODUCTS_DIR}/Gloss/Gloss.framework",
				"${BUILT_PRODUCTS_DIR}/NVActivityIndicatorView/NVActivityIndicatorView.framework",
			);
			name = "[CP] Embed Pods Frameworks";
			outputPaths = (
				"${TARGET_BUILD_DIR}/${FRAMEWORKS_FOLDER_PATH}/Alamofire.framework",
				"${TARGET_BUILD_DIR}/${FRAMEWORKS_FOLDER_PATH}/Gloss.framework",
				"${TARGET_BUILD_DIR}/${FRAMEWORKS_FOLDER_PATH}/NVActivityIndicatorView.framework",
			);
			runOnlyForDeploymentPostprocessing = 0;
			shellPath = /bin/sh;
			shellScript = "\"${SRCROOT}/Pods/Target Support Files/Pods-SingaporePSI/Pods-SingaporePSI-frameworks.sh\"\n";
			showEnvVarsInLog = 0;
		};
		073A061B578D6B28760D0C9B /* [CP] Copy Pods Resources */ = {
			isa = PBXShellScriptBuildPhase;
			buildActionMask = 2147483647;
			files = (
			);
			inputPaths = (
			);
			name = "[CP] Copy Pods Resources";
			outputPaths = (
			);
			runOnlyForDeploymentPostprocessing = 0;
			shellPath = /bin/sh;
			shellScript = "\"${SRCROOT}/Pods/Target Support Files/Pods-SingaporePSITests/Pods-SingaporePSITests-resources.sh\"\n";
			showEnvVarsInLog = 0;
		};
		32A9377DB37663728CABEDB3 /* [CP] Check Pods Manifest.lock */ = {
			isa = PBXShellScriptBuildPhase;
			buildActionMask = 2147483647;
			files = (
			);
			inputPaths = (
				"${PODS_PODFILE_DIR_PATH}/Podfile.lock",
				"${PODS_ROOT}/Manifest.lock",
			);
			name = "[CP] Check Pods Manifest.lock";
			outputPaths = (
				"$(DERIVED_FILE_DIR)/Pods-SingaporePSITests-checkManifestLockResult.txt",
			);
			runOnlyForDeploymentPostprocessing = 0;
			shellPath = /bin/sh;
			shellScript = "diff \"${PODS_PODFILE_DIR_PATH}/Podfile.lock\" \"${PODS_ROOT}/Manifest.lock\" > /dev/null\nif [ $? != 0 ] ; then\n    # print error to STDERR\n    echo \"error: The sandbox is not in sync with the Podfile.lock. Run 'pod install' or update your CocoaPods installation.\" >&2\n    exit 1\nfi\n# This output is used by Xcode 'outputs' to avoid re-running this script phase.\necho \"SUCCESS\" > \"${SCRIPT_OUTPUT_FILE_0}\"\n";
			showEnvVarsInLog = 0;
		};
		3F2AAE82575637F92D33A7AC /* [CP] Embed Pods Frameworks */ = {
			isa = PBXShellScriptBuildPhase;
			buildActionMask = 2147483647;
			files = (
			);
			inputPaths = (
				"${SRCROOT}/Pods/Target Support Files/Pods-SingaporePSITests/Pods-SingaporePSITests-frameworks.sh",
				"${BUILT_PRODUCTS_DIR}/Mockingjay/Mockingjay.framework",
				"${BUILT_PRODUCTS_DIR}/Nimble/Nimble.framework",
				"${BUILT_PRODUCTS_DIR}/Quick/Quick.framework",
				"${BUILT_PRODUCTS_DIR}/URITemplate/URITemplate.framework",
			);
			name = "[CP] Embed Pods Frameworks";
			outputPaths = (
				"${TARGET_BUILD_DIR}/${FRAMEWORKS_FOLDER_PATH}/Mockingjay.framework",
				"${TARGET_BUILD_DIR}/${FRAMEWORKS_FOLDER_PATH}/Nimble.framework",
				"${TARGET_BUILD_DIR}/${FRAMEWORKS_FOLDER_PATH}/Quick.framework",
				"${TARGET_BUILD_DIR}/${FRAMEWORKS_FOLDER_PATH}/URITemplate.framework",
			);
			runOnlyForDeploymentPostprocessing = 0;
			shellPath = /bin/sh;
			shellScript = "\"${SRCROOT}/Pods/Target Support Files/Pods-SingaporePSITests/Pods-SingaporePSITests-frameworks.sh\"\n";
			showEnvVarsInLog = 0;
		};
		47D449602305221C394787F4 /* [CP] Copy Pods Resources */ = {
			isa = PBXShellScriptBuildPhase;
			buildActionMask = 2147483647;
			files = (
			);
			inputPaths = (
			);
			name = "[CP] Copy Pods Resources";
			outputPaths = (
			);
			runOnlyForDeploymentPostprocessing = 0;
			shellPath = /bin/sh;
			shellScript = "\"${SRCROOT}/Pods/Target Support Files/Pods-SingaporePSI/Pods-SingaporePSI-resources.sh\"\n";
			showEnvVarsInLog = 0;
		};
		5CF0C417A500045B4BD43812 /* [CP] Check Pods Manifest.lock */ = {
			isa = PBXShellScriptBuildPhase;
			buildActionMask = 2147483647;
			files = (
			);
			inputPaths = (
				"${PODS_PODFILE_DIR_PATH}/Podfile.lock",
				"${PODS_ROOT}/Manifest.lock",
			);
			name = "[CP] Check Pods Manifest.lock";
			outputPaths = (
				"$(DERIVED_FILE_DIR)/Pods-SingaporePSI-checkManifestLockResult.txt",
			);
			runOnlyForDeploymentPostprocessing = 0;
			shellPath = /bin/sh;
			shellScript = "diff \"${PODS_PODFILE_DIR_PATH}/Podfile.lock\" \"${PODS_ROOT}/Manifest.lock\" > /dev/null\nif [ $? != 0 ] ; then\n    # print error to STDERR\n    echo \"error: The sandbox is not in sync with the Podfile.lock. Run 'pod install' or update your CocoaPods installation.\" >&2\n    exit 1\nfi\n# This output is used by Xcode 'outputs' to avoid re-running this script phase.\necho \"SUCCESS\" > \"${SCRIPT_OUTPUT_FILE_0}\"\n";
			showEnvVarsInLog = 0;
		};
/* End PBXShellScriptBuildPhase section */

/* Begin PBXSourcesBuildPhase section */
		A8856BE11F96BA130080D9B7 /* Sources */ = {
			isa = PBXSourcesBuildPhase;
			buildActionMask = 2147483647;
			files = (
				A86E0AA11FA88A1E000D2CA2 /* ApiManager+FetchPSIData.swift in Sources */,
				A8856BE91F96BA130080D9B7 /* AppDelegate.swift in Sources */,
				A8BD4B6C1FA759550004B318 /* AppConstant.swift in Sources */,
				A86E0A8D1FA82FC1000D2CA2 /* Reading.swift in Sources */,
				A86E0A8F1FA830A5000D2CA2 /* Content.swift in Sources */,
				A8BD4B6A1FA7564F0004B318 /* PSIData.swift in Sources */,
				A86E0A991FA86886000D2CA2 /* ApiManager.swift in Sources */,
				A85DCA0D1FA9A900008E9E03 /* CustomAnnotationView.swift in Sources */,
				A86E0A861FA81D28000D2CA2 /* RegionMetadata.swift in Sources */,
				A86E0AA31FA88A31000D2CA2 /* BaseRouter.swift in Sources */,
				A8BD4B6F1FA778000004B318 /* Item.swift in Sources */,
				A86E0A9B1FA86894000D2CA2 /* ErrorHandler.swift in Sources */,
				A85972A81F96F3CD009BEB95 /* DashboardViewController.swift in Sources */,
				A83FB0961FAB54BE004818E4 /* String+DateFormatter.swift in Sources */,
				A86E0AA71FA8AD78000D2CA2 /* PSIRouter.swift in Sources */,
				A8DA2F631FAACE8D005E500D /* Fault.swift in Sources */,
				A86E0AAA1FA8B5F0000D2CA2 /* InputForm.swift in Sources */,
				A86E0A841FA81CEE000D2CA2 /* Location.swift in Sources */,
				A83FB0941FAB47A4004818E4 /* UIApplication+TopViewController.swift in Sources */,
				A86E0AAD1FA8B64E000D2CA2 /* Utility.swift in Sources */,
			);
			runOnlyForDeploymentPostprocessing = 0;
		};
		A8856BF51F96BA130080D9B7 /* Sources */ = {
			isa = PBXSourcesBuildPhase;
			buildActionMask = 2147483647;
			files = (
				A86E0A821FA819F5000D2CA2 /* DashboardViewControllerSpec.swift in Sources */,
				A86E0AB01FA8D139000D2CA2 /* InputFormSpec.swift in Sources */,
				A86E0A881FA823C9000D2CA2 /* ApiManagerSpec.swift in Sources */,
				A83FB0991FABE829004818E4 /* String+DateFormatterSpec.swift in Sources */,
				A86E0AB21FA8DB6B000D2CA2 /* UtilitySpec.swift in Sources */,
				A86E0A921FA8541D000D2CA2 /* XCTest+FileManagement.swift in Sources */,
			);
			runOnlyForDeploymentPostprocessing = 0;
		};
/* End PBXSourcesBuildPhase section */

/* Begin PBXTargetDependency section */
		A8856BFB1F96BA130080D9B7 /* PBXTargetDependency */ = {
			isa = PBXTargetDependency;
			target = A8856BE41F96BA130080D9B7 /* SingaporePSI */;
			targetProxy = A8856BFA1F96BA130080D9B7 /* PBXContainerItemProxy */;
		};
/* End PBXTargetDependency section */

/* Begin PBXVariantGroup section */
		A8856BEC1F96BA130080D9B7 /* Main.storyboard */ = {
			isa = PBXVariantGroup;
			children = (
				A8856BED1F96BA130080D9B7 /* Base */,
			);
			name = Main.storyboard;
			sourceTree = "<group>";
		};
		A8856BF11F96BA130080D9B7 /* LaunchScreen.storyboard */ = {
			isa = PBXVariantGroup;
			children = (
				A8856BF21F96BA130080D9B7 /* Base */,
			);
			name = LaunchScreen.storyboard;
			sourceTree = "<group>";
		};
/* End PBXVariantGroup section */

/* Begin XCBuildConfiguration section */
		A8856C001F96BA130080D9B7 /* Debug */ = {
			isa = XCBuildConfiguration;
			buildSettings = {
				ALWAYS_SEARCH_USER_PATHS = NO;
				CLANG_ANALYZER_NONNULL = YES;
				CLANG_ANALYZER_NUMBER_OBJECT_CONVERSION = YES_AGGRESSIVE;
				CLANG_CXX_LANGUAGE_STANDARD = "gnu++14";
				CLANG_CXX_LIBRARY = "libc++";
				CLANG_ENABLE_MODULES = YES;
				CLANG_ENABLE_OBJC_ARC = YES;
				CLANG_WARN_BLOCK_CAPTURE_AUTORELEASING = YES;
				CLANG_WARN_BOOL_CONVERSION = YES;
				CLANG_WARN_COMMA = YES;
				CLANG_WARN_CONSTANT_CONVERSION = YES;
				CLANG_WARN_DIRECT_OBJC_ISA_USAGE = YES_ERROR;
				CLANG_WARN_DOCUMENTATION_COMMENTS = YES;
				CLANG_WARN_EMPTY_BODY = YES;
				CLANG_WARN_ENUM_CONVERSION = YES;
				CLANG_WARN_INFINITE_RECURSION = YES;
				CLANG_WARN_INT_CONVERSION = YES;
				CLANG_WARN_NON_LITERAL_NULL_CONVERSION = YES;
				CLANG_WARN_OBJC_LITERAL_CONVERSION = YES;
				CLANG_WARN_OBJC_ROOT_CLASS = YES_ERROR;
				CLANG_WARN_RANGE_LOOP_ANALYSIS = YES;
				CLANG_WARN_STRICT_PROTOTYPES = YES;
				CLANG_WARN_SUSPICIOUS_MOVE = YES;
				CLANG_WARN_UNGUARDED_AVAILABILITY = YES_AGGRESSIVE;
				CLANG_WARN_UNREACHABLE_CODE = YES;
				CLANG_WARN__DUPLICATE_METHOD_MATCH = YES;
				CODE_SIGN_IDENTITY = "iPhone Developer";
				COPY_PHASE_STRIP = NO;
				DEBUG_INFORMATION_FORMAT = dwarf;
				ENABLE_STRICT_OBJC_MSGSEND = YES;
				ENABLE_TESTABILITY = YES;
				GCC_C_LANGUAGE_STANDARD = gnu11;
				GCC_DYNAMIC_NO_PIC = NO;
				GCC_NO_COMMON_BLOCKS = YES;
				GCC_OPTIMIZATION_LEVEL = 0;
				GCC_PREPROCESSOR_DEFINITIONS = (
					"DEBUG=1",
					"$(inherited)",
				);
				GCC_WARN_64_TO_32_BIT_CONVERSION = YES;
				GCC_WARN_ABOUT_RETURN_TYPE = YES_ERROR;
				GCC_WARN_UNDECLARED_SELECTOR = YES;
				GCC_WARN_UNINITIALIZED_AUTOS = YES_AGGRESSIVE;
				GCC_WARN_UNUSED_FUNCTION = YES;
				GCC_WARN_UNUSED_VARIABLE = YES;
				IPHONEOS_DEPLOYMENT_TARGET = 11.0;
				MTL_ENABLE_DEBUG_INFO = YES;
				ONLY_ACTIVE_ARCH = YES;
				SDKROOT = iphoneos;
				SWIFT_ACTIVE_COMPILATION_CONDITIONS = DEBUG;
				SWIFT_OPTIMIZATION_LEVEL = "-Onone";
			};
			name = Debug;
		};
		A8856C011F96BA130080D9B7 /* Release */ = {
			isa = XCBuildConfiguration;
			buildSettings = {
				ALWAYS_SEARCH_USER_PATHS = NO;
				CLANG_ANALYZER_NONNULL = YES;
				CLANG_ANALYZER_NUMBER_OBJECT_CONVERSION = YES_AGGRESSIVE;
				CLANG_CXX_LANGUAGE_STANDARD = "gnu++14";
				CLANG_CXX_LIBRARY = "libc++";
				CLANG_ENABLE_MODULES = YES;
				CLANG_ENABLE_OBJC_ARC = YES;
				CLANG_WARN_BLOCK_CAPTURE_AUTORELEASING = YES;
				CLANG_WARN_BOOL_CONVERSION = YES;
				CLANG_WARN_COMMA = YES;
				CLANG_WARN_CONSTANT_CONVERSION = YES;
				CLANG_WARN_DIRECT_OBJC_ISA_USAGE = YES_ERROR;
				CLANG_WARN_DOCUMENTATION_COMMENTS = YES;
				CLANG_WARN_EMPTY_BODY = YES;
				CLANG_WARN_ENUM_CONVERSION = YES;
				CLANG_WARN_INFINITE_RECURSION = YES;
				CLANG_WARN_INT_CONVERSION = YES;
				CLANG_WARN_NON_LITERAL_NULL_CONVERSION = YES;
				CLANG_WARN_OBJC_LITERAL_CONVERSION = YES;
				CLANG_WARN_OBJC_ROOT_CLASS = YES_ERROR;
				CLANG_WARN_RANGE_LOOP_ANALYSIS = YES;
				CLANG_WARN_STRICT_PROTOTYPES = YES;
				CLANG_WARN_SUSPICIOUS_MOVE = YES;
				CLANG_WARN_UNGUARDED_AVAILABILITY = YES_AGGRESSIVE;
				CLANG_WARN_UNREACHABLE_CODE = YES;
				CLANG_WARN__DUPLICATE_METHOD_MATCH = YES;
				CODE_SIGN_IDENTITY = "iPhone Developer";
				COPY_PHASE_STRIP = NO;
				DEBUG_INFORMATION_FORMAT = "dwarf-with-dsym";
				ENABLE_NS_ASSERTIONS = NO;
				ENABLE_STRICT_OBJC_MSGSEND = YES;
				GCC_C_LANGUAGE_STANDARD = gnu11;
				GCC_NO_COMMON_BLOCKS = YES;
				GCC_WARN_64_TO_32_BIT_CONVERSION = YES;
				GCC_WARN_ABOUT_RETURN_TYPE = YES_ERROR;
				GCC_WARN_UNDECLARED_SELECTOR = YES;
				GCC_WARN_UNINITIALIZED_AUTOS = YES_AGGRESSIVE;
				GCC_WARN_UNUSED_FUNCTION = YES;
				GCC_WARN_UNUSED_VARIABLE = YES;
				IPHONEOS_DEPLOYMENT_TARGET = 11.0;
				MTL_ENABLE_DEBUG_INFO = NO;
				SDKROOT = iphoneos;
				SWIFT_OPTIMIZATION_LEVEL = "-Owholemodule";
				VALIDATE_PRODUCT = YES;
			};
			name = Release;
		};
		A8856C031F96BA130080D9B7 /* Debug */ = {
			isa = XCBuildConfiguration;
			baseConfigurationReference = AF74EE0DBBCF5ADE7E05D233 /* Pods-SingaporePSI.debug.xcconfig */;
			buildSettings = {
				ASSETCATALOG_COMPILER_APPICON_NAME = AppIcon;
				CODE_SIGN_STYLE = Automatic;
				DEVELOPMENT_TEAM = 2UEQ8V476M;
				INFOPLIST_FILE = SingaporePSI/Info.plist;
				IPHONEOS_DEPLOYMENT_TARGET = 9.0;
				LD_RUNPATH_SEARCH_PATHS = "$(inherited) @executable_path/Frameworks";
				ONLY_ACTIVE_ARCH = YES;
				PRODUCT_BUNDLE_IDENTIFIER = Wirawan.SingaporePSI;
				PRODUCT_NAME = "$(TARGET_NAME)";
				SWIFT_VERSION = 3.0;
				TARGETED_DEVICE_FAMILY = 1;
			};
			name = Debug;
		};
		A8856C041F96BA130080D9B7 /* Release */ = {
			isa = XCBuildConfiguration;
			baseConfigurationReference = 157C313423492BCA63C258A7 /* Pods-SingaporePSI.release.xcconfig */;
			buildSettings = {
				ASSETCATALOG_COMPILER_APPICON_NAME = AppIcon;
				CODE_SIGN_STYLE = Automatic;
				DEVELOPMENT_TEAM = 2UEQ8V476M;
				INFOPLIST_FILE = SingaporePSI/Info.plist;
				IPHONEOS_DEPLOYMENT_TARGET = 9.0;
				LD_RUNPATH_SEARCH_PATHS = "$(inherited) @executable_path/Frameworks";
				ONLY_ACTIVE_ARCH = NO;
				PRODUCT_BUNDLE_IDENTIFIER = Wirawan.SingaporePSI;
				PRODUCT_NAME = "$(TARGET_NAME)";
				SWIFT_VERSION = 3.0;
				TARGETED_DEVICE_FAMILY = 1;
			};
			name = Release;
		};
		A8856C061F96BA130080D9B7 /* Debug */ = {
			isa = XCBuildConfiguration;
			baseConfigurationReference = 867BF49E476F0EC0BCE9F899 /* Pods-SingaporePSITests.debug.xcconfig */;
			buildSettings = {
				ALWAYS_EMBED_SWIFT_STANDARD_LIBRARIES = YES;
				BUNDLE_LOADER = "$(TEST_HOST)";
				CODE_SIGN_STYLE = Automatic;
				DEVELOPMENT_TEAM = G2ZK7L6TNV;
				INFOPLIST_FILE = SingaporePSITests/Info.plist;
				LD_RUNPATH_SEARCH_PATHS = "$(inherited) @executable_path/Frameworks @loader_path/Frameworks";
				ONLY_ACTIVE_ARCH = YES;
				PRODUCT_BUNDLE_IDENTIFIER = Wirawan.SingaporePSITests;
				PRODUCT_NAME = "$(TARGET_NAME)";
				SWIFT_VERSION = 3.0;
				TARGETED_DEVICE_FAMILY = "1,2";
				TEST_HOST = "$(BUILT_PRODUCTS_DIR)/SingaporePSI.app/SingaporePSI";
			};
			name = Debug;
		};
		A8856C071F96BA130080D9B7 /* Release */ = {
			isa = XCBuildConfiguration;
			baseConfigurationReference = 007315FEB65F9E8A5EF03569 /* Pods-SingaporePSITests.release.xcconfig */;
			buildSettings = {
				ALWAYS_EMBED_SWIFT_STANDARD_LIBRARIES = YES;
				BUNDLE_LOADER = "$(TEST_HOST)";
				CODE_SIGN_STYLE = Automatic;
				DEVELOPMENT_TEAM = G2ZK7L6TNV;
				INFOPLIST_FILE = SingaporePSITests/Info.plist;
				LD_RUNPATH_SEARCH_PATHS = "$(inherited) @executable_path/Frameworks @loader_path/Frameworks";
				ONLY_ACTIVE_ARCH = NO;
				PRODUCT_BUNDLE_IDENTIFIER = Wirawan.SingaporePSITests;
				PRODUCT_NAME = "$(TARGET_NAME)";
				SWIFT_VERSION = 3.0;
				TARGETED_DEVICE_FAMILY = "1,2";
				TEST_HOST = "$(BUILT_PRODUCTS_DIR)/SingaporePSI.app/SingaporePSI";
			};
			name = Release;
		};
/* End XCBuildConfiguration section */

/* Begin XCConfigurationList section */
		A8856BE01F96BA130080D9B7 /* Build configuration list for PBXProject "SingaporePSI" */ = {
			isa = XCConfigurationList;
			buildConfigurations = (
				A8856C001F96BA130080D9B7 /* Debug */,
				A8856C011F96BA130080D9B7 /* Release */,
			);
			defaultConfigurationIsVisible = 0;
			defaultConfigurationName = Release;
		};
		A8856C021F96BA130080D9B7 /* Build configuration list for PBXNativeTarget "SingaporePSI" */ = {
			isa = XCConfigurationList;
			buildConfigurations = (
				A8856C031F96BA130080D9B7 /* Debug */,
				A8856C041F96BA130080D9B7 /* Release */,
			);
			defaultConfigurationIsVisible = 0;
			defaultConfigurationName = Release;
		};
		A8856C051F96BA130080D9B7 /* Build configuration list for PBXNativeTarget "SingaporePSITests" */ = {
			isa = XCConfigurationList;
			buildConfigurations = (
				A8856C061F96BA130080D9B7 /* Debug */,
				A8856C071F96BA130080D9B7 /* Release */,
			);
			defaultConfigurationIsVisible = 0;
			defaultConfigurationName = Release;
		};
/* End XCConfigurationList section */
	};
	rootObject = A8856BDD1F96BA130080D9B7 /* Project object */;
}
